
Microsoft Visual Studio Solution File, Format Version 12.00
# Visual Studio Version 17
VisualStudioVersion = 17.13.35825.156
MinimumVisualStudioVersion = 10.0.40219.1
Project("{FAE04EC0-301F-11D3-BF4B-00C04F79EFBC}") = "DevDocumentManager", "DevDocumentManager\DevDocumentManager.csproj", "{ABBFE615-5DEF-4EA4-A215-660A9D33C8A1}"
EndProject
Project("{FAE04EC0-301F-11D3-BF4B-00C04F79EFBC}") = "DAL", "DAL\DAL.csproj", "{2EF24F18-BE94-43AC-9F69-EB0D9194D9DF}"
EndProject
Project("{FAE04EC0-301F-11D3-BF4B-00C04F79EFBC}") = "Models", "Models\Models.csproj", "{7A8CE233-A705-4BE0-8B93-B6B588A7C6CA}"
EndProject
Project("{FAE04EC0-301F-11D3-BF4B-00C04F79EFBC}") = "BLL", "BLL\BLL.csproj", "{75AF0444-0305-4A3D-A504-FC435413943C}"
EndProject
Global
	GlobalSection(SolutionConfigurationPlatforms) = preSolution
		Debug|Any CPU = Debug|Any CPU
		Release|Any CPU = Release|Any CPU
	EndGlobalSection
	GlobalSection(ProjectConfigurationPlatforms) = postSolution
		{ABBFE615-5DEF-4EA4-A215-660A9D33C8A1}.Debug|Any CPU.ActiveCfg = Debug|Any CPU
		{ABBFE615-5DEF-4EA4-A215-660A9D33C8A1}.Debug|Any CPU.Build.0 = Debug|Any CPU
		{ABBFE615-5DEF-4EA4-A215-660A9D33C8A1}.Release|Any CPU.ActiveCfg = Release|Any CPU
		{ABBFE615-5DEF-4EA4-A215-660A9D33C8A1}.Release|Any CPU.Build.0 = Release|Any CPU
		{2EF24F18-BE94-43AC-9F69-EB0D9194D9DF}.Debug|Any CPU.ActiveCfg = Debug|Any CPU
		{2EF24F18-BE94-43AC-9F69-EB0D9194D9DF}.Debug|Any CPU.Build.0 = Debug|Any CPU
		{2EF24F18-BE94-43AC-9F69-EB0D9194D9DF}.Release|Any CPU.ActiveCfg = Release|Any CPU
		{2EF24F18-BE94-43AC-9F69-EB0D9194D9DF}.Release|Any CPU.Build.0 = Release|Any CPU
		{7A8CE233-A705-4BE0-8B93-B6B588A7C6CA}.Debug|Any CPU.ActiveCfg = Debug|Any CPU
		{7A8CE233-A705-4BE0-8B93-B6B588A7C6CA}.Debug|Any CPU.Build.0 = Debug|Any CPU
		{7A8CE233-A705-4BE0-8B93-B6B588A7C6CA}.Release|Any CPU.ActiveCfg = Release|Any CPU
		{7A8CE233-A705-4BE0-8B93-B6B588A7C6CA}.Release|Any CPU.Build.0 = Release|Any CPU
		{75AF0444-0305-4A3D-A504-FC435413943C}.Debug|Any CPU.ActiveCfg = Debug|Any CPU
		{75AF0444-0305-4A3D-A504-FC435413943C}.Debug|Any CPU.Build.0 = Debug|Any CPU
		{75AF0444-0305-4A3D-A504-FC435413943C}.Release|Any CPU.ActiveCfg = Release|Any CPU
		{75AF0444-0305-4A3D-A504-FC435413943C}.Release|Any CPU.Build.0 = Release|Any CPU
	EndGlobalSection
	GlobalSection(SolutionProperties) = preSolution
		HideSolutionNode = FALSE
	EndGlobalSection
	GlobalSection(ExtensibilityGlobals) = postSolution
		SolutionGuid = {3D03ABE5-217C-49B7-9694-B97D6278362B}
	EndGlobalSection
EndGlobal
